// !$*UTF8*$!
{
	archiveVersion = 1;
	classes = {
	};
	objectVersion = 55;
	objects = {

/* Begin PBXBuildFile section */
		1090517C27DA4AD00093CD8C /* DogImageController.swift in Sources */ = {isa = PBXBuildFile; fileRef = 1090517B27DA4AD00093CD8C /* DogImageController.swift */; };
		10C5243B27A65EDC003A4FC4 /* AppDelegate.swift in Sources */ = {isa = PBXBuildFile; fileRef = 10C5243A27A65EDC003A4FC4 /* AppDelegate.swift */; };
		10C5243D27A65EDC003A4FC4 /* SceneDelegate.swift in Sources */ = {isa = PBXBuildFile; fileRef = 10C5243C27A65EDC003A4FC4 /* SceneDelegate.swift */; };
		10C5243F27A65EDC003A4FC4 /* ViewController.swift in Sources */ = {isa = PBXBuildFile; fileRef = 10C5243E27A65EDC003A4FC4 /* ViewController.swift */; };
		10C5244227A65EDC003A4FC4 /* Main.storyboard in Resources */ = {isa = PBXBuildFile; fileRef = 10C5244027A65EDC003A4FC4 /* Main.storyboard */; };
		10C5244427A65EDD003A4FC4 /* Assets.xcassets in Resources */ = {isa = PBXBuildFile; fileRef = 10C5244327A65EDD003A4FC4 /* Assets.xcassets */; };
		10C5244727A65EDD003A4FC4 /* LaunchScreen.storyboard in Resources */ = {isa = PBXBuildFile; fileRef = 10C5244527A65EDD003A4FC4 /* LaunchScreen.storyboard */; };
		B176BE7EDD4C941AB7C49277 /* Pods_DogBreedAssignment.framework in Frameworks */ = {isa = PBXBuildFile; fileRef = 35F9C960EA9BE6680EECA9C4 /* Pods_DogBreedAssignment.framework */; };
/* End PBXBuildFile section */

/* Begin PBXFileReference section */
		1090517B27DA4AD00093CD8C /* DogImageController.swift */ = {isa = PBXFileReference; lastKnownFileType = sourcecode.swift; path = DogImageController.swift; sourceTree = "<group>"; };
		10C5243727A65EDC003A4FC4 /* DogBreedAssignment.app */ = {isa = PBXFileReference; explicitFileType = wrapper.application; includeInIndex = 0; path = DogBreedAssignment.app; sourceTree = BUILT_PRODUCTS_DIR; };
		10C5243A27A65EDC003A4FC4 /* AppDelegate.swift */ = {isa = PBXFileReference; lastKnownFileType = sourcecode.swift; path = AppDelegate.swift; sourceTree = "<group>"; };
		10C5243C27A65EDC003A4FC4 /* SceneDelegate.swift */ = {isa = PBXFileReference; lastKnownFileType = sourcecode.swift; path = SceneDelegate.swift; sourceTree = "<group>"; };
		10C5243E27A65EDC003A4FC4 /* ViewController.swift */ = {isa = PBXFileReference; lastKnownFileType = sourcecode.swift; path = ViewController.swift; sourceTree = "<group>"; };
		10C5244127A65EDC003A4FC4 /* Base */ = {isa = PBXFileReference; lastKnownFileType = file.storyboard; name = Base; path = Base.lproj/Main.storyboard; sourceTree = "<group>"; };
		10C5244327A65EDD003A4FC4 /* Assets.xcassets */ = {isa = PBXFileReference; lastKnownFileType = folder.assetcatalog; path = Assets.xcassets; sourceTree = "<group>"; };
		10C5244627A65EDD003A4FC4 /* Base */ = {isa = PBXFileReference; lastKnownFileType = file.storyboard; name = Base; path = Base.lproj/LaunchScreen.storyboard; sourceTree = "<group>"; };
		10C5244827A65EDE003A4FC4 /* Info.plist */ = {isa = PBXFileReference; lastKnownFileType = text.plist.xml; path = Info.plist; sourceTree = "<group>"; };
		35F9C960EA9BE6680EECA9C4 /* Pods_DogBreedAssignment.framework */ = {isa = PBXFileReference; explicitFileType = wrapper.framework; includeInIndex = 0; path = Pods_DogBreedAssignment.framework; sourceTree = BUILT_PRODUCTS_DIR; };
		574F2199DCC0318FAEDB2E3C /* Pods-DogBreedAssignment.release.xcconfig */ = {isa = PBXFileReference; includeInIndex = 1; lastKnownFileType = text.xcconfig; name = "Pods-DogBreedAssignment.release.xcconfig"; path = "Target Support Files/Pods-DogBreedAssignment/Pods-DogBreedAssignment.release.xcconfig"; sourceTree = "<group>"; };
		9E4D5BEB93E2729F843BEE6F /* Pods-DogBreedAssignment.debug.xcconfig */ = {isa = PBXFileReference; includeInIndex = 1; lastKnownFileType = text.xcconfig; name = "Pods-DogBreedAssignment.debug.xcconfig"; path = "Target Support Files/Pods-DogBreedAssignment/Pods-DogBreedAssignment.debug.xcconfig"; sourceTree = "<group>"; };
/* End PBXFileReference section */

/* Begin PBXFrameworksBuildPhase section */
		10C5243427A65EDC003A4FC4 /* Frameworks */ = {
			isa = PBXFrameworksBuildPhase;
			buildActionMask = 2147483647;
			files = (
				B176BE7EDD4C941AB7C49277 /* Pods_DogBreedAssignment.framework in Frameworks */,
			);
			runOnlyForDeploymentPostprocessing = 0;
		};
/* End PBXFrameworksBuildPhase section */

/* Begin PBXGroup section */
		10C5242E27A65EDC003A4FC4 = {
			isa = PBXGroup;
			children = (
				10C5243927A65EDC003A4FC4 /* DogBreedAssignment */,
				10C5243827A65EDC003A4FC4 /* Products */,
				1FDA96332D8FF4204E81200C /* Pods */,
				EB2F96437096C6845343887E /* Frameworks */,
			);
			sourceTree = "<group>";
		};
		10C5243827A65EDC003A4FC4 /* Products */ = {
			isa = PBXGroup;
			children = (
				10C5243727A65EDC003A4FC4 /* DogBreedAssignment.app */,
			);
			name = Products;
			sourceTree = "<group>";
		};
		10C5243927A65EDC003A4FC4 /* DogBreedAssignment */ = {
			isa = PBXGroup;
			children = (
				10C5243A27A65EDC003A4FC4 /* AppDelegate.swift */,
				10C5243C27A65EDC003A4FC4 /* SceneDelegate.swift */,
				10C5243E27A65EDC003A4FC4 /* ViewController.swift */,
				1090517B27DA4AD00093CD8C /* DogImageController.swift */,
				10C5244027A65EDC003A4FC4 /* Main.storyboard */,
				10C5244327A65EDD003A4FC4 /* Assets.xcassets */,
				10C5244527A65EDD003A4FC4 /* LaunchScreen.storyboard */,
				10C5244827A65EDE003A4FC4 /* Info.plist */,
			);
			path = DogBreedAssignment;
			sourceTree = "<group>";
		};
		1FDA96332D8FF4204E81200C /* Pods */ = {
			isa = PBXGroup;
			children = (
				9E4D5BEB93E2729F843BEE6F /* Pods-DogBreedAssignment.debug.xcconfig */,
				574F2199DCC0318FAEDB2E3C /* Pods-DogBreedAssignment.release.xcconfig */,
			);
			path = Pods;
			sourceTree = "<group>";
		};
		EB2F96437096C6845343887E /* Frameworks */ = {
			isa = PBXGroup;
			children = (
				35F9C960EA9BE6680EECA9C4 /* Pods_DogBreedAssignment.framework */,
			);
			name = Frameworks;
			sourceTree = "<group>";
		};
/* End PBXGroup section */

/* Begin PBXNativeTarget section */
		10C5243627A65EDC003A4FC4 /* DogBreedAssignment */ = {
			isa = PBXNativeTarget;
			buildConfigurationList = 10C5244B27A65EDE003A4FC4 /* Build configuration list for PBXNativeTarget "DogBreedAssignment" */;
			buildPhases = (
				7CD2225144E06248BCE54ED3 /* [CP] Check Pods Manifest.lock */,
				10C5243327A65EDC003A4FC4 /* Sources */,
				10C5243427A65EDC003A4FC4 /* Frameworks */,
				10C5243527A65EDC003A4FC4 /* Resources */,
				FF7D9F4AE696E05BBD9CF153 /* [CP] Embed Pods Frameworks */,
			);
			buildRules = (
			);
			dependencies = (
			);
			name = DogBreedAssignment;
			productName = DogBreedAssignment;
			productReference = 10C5243727A65EDC003A4FC4 /* DogBreedAssignment.app */;
			productType = "com.apple.product-type.application";
		};
/* End PBXNativeTarget section */

/* Begin PBXProject section */
		10C5242F27A65EDC003A4FC4 /* Project object */ = {
			isa = PBXProject;
			attributes = {
				BuildIndependentTargetsInParallel = 1;
				LastSwiftUpdateCheck = 1320;
				LastUpgradeCheck = 1320;
				TargetAttributes = {
					10C5243627A65EDC003A4FC4 = {
						CreatedOnToolsVersion = 13.2.1;
					};
				};
			};
			buildConfigurationList = 10C5243227A65EDC003A4FC4 /* Build configuration list for PBXProject "DogBreedAssignment" */;
			compatibilityVersion = "Xcode 13.0";
			developmentRegion = en;
			hasScannedForEncodings = 0;
			knownRegions = (
				en,
				Base,
			);
			mainGroup = 10C5242E27A65EDC003A4FC4;
			productRefGroup = 10C5243827A65EDC003A4FC4 /* Products */;
			projectDirPath = "";
			projectRoot = "";
			targets = (
				10C5243627A65EDC003A4FC4 /* DogBreedAssignment */,
			);
		};
/* End PBXProject section */

/* Begin PBXResourcesBuildPhase section */
		10C5243527A65EDC003A4FC4 /* Resources */ = {
			isa = PBXResourcesBuildPhase;
			buildActionMask = 2147483647;
			files = (
				10C5244727A65EDD003A4FC4 /* LaunchScreen.storyboard in Resources */,
				10C5244427A65EDD003A4FC4 /* Assets.xcassets in Resources */,
				10C5244227A65EDC003A4FC4 /* Main.storyboard in Resources */,
			);
			runOnlyForDeploymentPostprocessing = 0;
		};
/* End PBXResourcesBuildPhase section */

/* Begin PBXShellScriptBuildPhase section */
		7CD2225144E06248BCE54ED3 /* [CP] Check Pods Manifest.lock */ = {
			isa = PBXShellScriptBuildPhase;
			buildActionMask = 2147483647;
			files = (
			);
			inputFileListPaths = (
			);
			inputPaths = (
				"${PODS_PODFILE_DIR_PATH}/Podfile.lock",
				"${PODS_ROOT}/Manifest.lock",
			);
			name = "[CP] Check Pods Manifest.lock";
			outputFileListPaths = (
			);
			outputPaths = (
				"$(DERIVED_FILE_DIR)/Pods-DogBreedAssignment-checkManifestLockResult.txt",
			);
			runOnlyForDeploymentPostprocessing = 0;
			shellPath = /bin/sh;
			shellScript = "diff \"${PODS_PODFILE_DIR_PATH}/Podfile.lock\" \"${PODS_ROOT}/Manifest.lock\" > /dev/null\nif [ $? != 0 ] ; then\n    # print error to STDERR\n    echo \"error: The sandbox is not in sync with the Podfile.lock. Run 'pod install' or update your CocoaPods installation.\" >&2\n    exit 1\nfi\n# This output is used by Xcode 'outputs' to avoid re-running this script phase.\necho \"SUCCESS\" > \"${SCRIPT_OUTPUT_FILE_0}\"\n";
			showEnvVarsInLog = 0;
		};
		FF7D9F4AE696E05BBD9CF153 /* [CP] Embed Pods Frameworks */ = {
			isa = PBXShellScriptBuildPhase;
			buildActionMask = 2147483647;
			files = (
			);
			inputFileListPaths = (
				"${PODS_ROOT}/Target Support Files/Pods-DogBreedAssignment/Pods-DogBreedAssignment-frameworks-${CONFIGURATION}-input-files.xcfilelist",
			);
			name = "[CP] Embed Pods Frameworks";
			outputFileListPaths = (
				"${PODS_ROOT}/Target Support Files/Pods-DogBreedAssignment/Pods-DogBreedAssignment-frameworks-${CONFIGURATION}-output-files.xcfilelist",
			);
			runOnlyForDeploymentPostprocessing = 0;
			shellPath = /bin/sh;
			shellScript = "\"${PODS_ROOT}/Target Support Files/Pods-DogBreedAssignment/Pods-DogBreedAssignment-frameworks.sh\"\n";
			showEnvVarsInLog = 0;
		};
/* End PBXShellScriptBuildPhase section */

/* Begin PBXSourcesBuildPhase section */
		10C5243327A65EDC003A4FC4 /* Sources */ = {
			isa = PBXSourcesBuildPhase;
			buildActionMask = 2147483647;
			files = (
				1090517C27DA4AD00093CD8C /* DogImageController.swift in Sources */,
				10C5243F27A65EDC003A4FC4 /* ViewController.swift in Sources */,
				10C5243B27A65EDC003A4FC4 /* AppDelegate.swift in Sources */,
				10C5243D27A65EDC003A4FC4 /* SceneDelegate.swift in Sources */,
			);
			runOnlyForDeploymentPostprocessing = 0;
		};
/* End PBXSourcesBuildPhase section */

/* Begin PBXVariantGroup section */
		10C5244027A65EDC003A4FC4 /* Main.storyboard */ = {
			isa = PBXVariantGroup;
			children = (
				10C5244127A65EDC003A4FC4 /* Base */,
			);
			name = Main.storyboard;
			sourceTree = "<group>";
		};
		10C5244527A65EDD003A4FC4 /* LaunchScreen.storyboard */ = {
			isa = PBXVariantGroup;
			children = (
				10C5244627A65EDD003A4FC4 /* Base */,
			);
			name = LaunchScreen.storyboard;
			sourceTree = "<group>";
		};
/* End PBXVariantGroup section */

/* Begin XCBuildConfiguration section */
		10C5244927A65EDE003A4FC4 /* Debug */ = {
			isa = XCBuildConfiguration;
			buildSettings = {
				ALWAYS_SEARCH_USER_PATHS = NO;
				CLANG_ANALYZER_NONNULL = YES;
				CLANG_ANALYZER_NUMBER_OBJECT_CONVERSION = YES_AGGRESSIVE;
				CLANG_CXX_LANGUAGE_STANDARD = "gnu++17";
				CLANG_CXX_LIBRARY = "libc++";
				CLANG_ENABLE_MODULES = YES;
				CLANG_ENABLE_OBJC_ARC = YES;
				CLANG_ENABLE_OBJC_WEAK = YES;
				CLANG_WARN_BLOCK_CAPTURE_AUTORELEASING = YES;
				CLANG_WARN_BOOL_CONVERSION = YES;
				CLANG_WARN_COMMA = YES;
				CLANG_WARN_CONSTANT_CONVERSION = YES;
				CLANG_WARN_DEPRECATED_OBJC_IMPLEMENTATIONS = YES;
				CLANG_WARN_DIRECT_OBJC_ISA_USAGE = YES_ERROR;
				CLANG_WARN_DOCUMENTATION_COMMENTS = YES;
				CLANG_WARN_EMPTY_BODY = YES;
				CLANG_WARN_ENUM_CONVERSION = YES;
				CLANG_WARN_INFINITE_RECURSION = YES;
				CLANG_WARN_INT_CONVERSION = YES;
				CLANG_WARN_NON_LITERAL_NULL_CONVERSION = YES;
				CLANG_WARN_OBJC_IMPLICIT_RETAIN_SELF = YES;
				CLANG_WARN_OBJC_LITERAL_CONVERSION = YES;
				CLANG_WARN_OBJC_ROOT_CLASS = YES_ERROR;
				CLANG_WARN_QUOTED_INCLUDE_IN_FRAMEWORK_HEADER = YES;
				CLANG_WARN_RANGE_LOOP_ANALYSIS = YES;
				CLANG_WARN_STRICT_PROTOTYPES = YES;
				CLANG_WARN_SUSPICIOUS_MOVE = YES;
				CLANG_WARN_UNGUARDED_AVAILABILITY = YES_AGGRESSIVE;
				CLANG_WARN_UNREACHABLE_CODE = YES;
				CLANG_WARN__DUPLICATE_METHOD_MATCH = YES;
				COPY_PHASE_STRIP = NO;
				DEBUG_INFORMATION_FORMAT = dwarf;
				ENABLE_STRICT_OBJC_MSGSEND = YES;
				ENABLE_TESTABILITY = YES;
				GCC_C_LANGUAGE_STANDARD = gnu11;
				GCC_DYNAMIC_NO_PIC = NO;
				GCC_NO_COMMON_BLOCKS = YES;
				GCC_OPTIMIZATION_LEVEL = 0;
				GCC_PREPROCESSOR_DEFINITIONS = (
					"DEBUG=1",
					"$(inherited)",
				);
				GCC_WARN_64_TO_32_BIT_CONVERSION = YES;
				GCC_WARN_ABOUT_RETURN_TYPE = YES_ERROR;
				GCC_WARN_UNDECLARED_SELECTOR = YES;
				GCC_WARN_UNINITIALIZED_AUTOS = YES_AGGRESSIVE;
				GCC_WARN_UNUSED_FUNCTION = YES;
				GCC_WARN_UNUSED_VARIABLE = YES;
				IPHONEOS_DEPLOYMENT_TARGET = 15.2;
				MTL_ENABLE_DEBUG_INFO = INCLUDE_SOURCE;
				MTL_FAST_MATH = YES;
				ONLY_ACTIVE_ARCH = YES;
				SDKROOT = iphoneos;
				SWIFT_ACTIVE_COMPILATION_CONDITIONS = DEBUG;
				SWIFT_OPTIMIZATION_LEVEL = "-Onone";
			};
			name = Debug;
		};
		10C5244A27A65EDE003A4FC4 /* Release */ = {
			isa = XCBuildConfiguration;
			buildSettings = {
				ALWAYS_SEARCH_USER_PATHS = NO;
				CLANG_ANALYZER_NONNULL = YES;
				CLANG_ANALYZER_NUMBER_OBJECT_CONVERSION = YES_AGGRESSIVE;
				CLANG_CXX_LANGUAGE_STANDARD = "gnu++17";
				CLANG_CXX_LIBRARY = "libc++";
				CLANG_ENABLE_MODULES = YES;
				CLANG_ENABLE_OBJC_ARC = YES;
				CLANG_ENABLE_OBJC_WEAK = YES;
				CLANG_WARN_BLOCK_CAPTURE_AUTORELEASING = YES;
				CLANG_WARN_BOOL_CONVERSION = YES;
				CLANG_WARN_COMMA = YES;
				CLANG_WARN_CONSTANT_CONVERSION = YES;
				CLANG_WARN_DEPRECATED_OBJC_IMPLEMENTATIONS = YES;
				CLANG_WARN_DIRECT_OBJC_ISA_USAGE = YES_ERROR;
				CLANG_WARN_DOCUMENTATION_COMMENTS = YES;
				CLANG_WARN_EMPTY_BODY = YES;
				CLANG_WARN_ENUM_CONVERSION = YES;
				CLANG_WARN_INFINITE_RECURSION = YES;
				CLANG_WARN_INT_CONVERSION = YES;
				CLANG_WARN_NON_LITERAL_NULL_CONVERSION = YES;
				CLANG_WARN_OBJC_IMPLICIT_RETAIN_SELF = YES;
				CLANG_WARN_OBJC_LITERAL_CONVERSION = YES;
				CLANG_WARN_OBJC_ROOT_CLASS = YES_ERROR;
				CLANG_WARN_QUOTED_INCLUDE_IN_FRAMEWORK_HEADER = YES;
				CLANG_WARN_RANGE_LOOP_ANALYSIS = YES;
				CLANG_WARN_STRICT_PROTOTYPES = YES;
				CLANG_WARN_SUSPICIOUS_MOVE = YES;
				CLANG_WARN_UNGUARDED_AVAILABILITY = YES_AGGRESSIVE;
				CLANG_WARN_UNREACHABLE_CODE = YES;
				CLANG_WARN__DUPLICATE_METHOD_MATCH = YES;
				COPY_PHASE_STRIP = NO;
				DEBUG_INFORMATION_FORMAT = "dwarf-with-dsym";
				ENABLE_NS_ASSERTIONS = NO;
				ENABLE_STRICT_OBJC_MSGSEND = YES;
				GCC_C_LANGUAGE_STANDARD = gnu11;
				GCC_NO_COMMON_BLOCKS = YES;
				GCC_WARN_64_TO_32_BIT_CONVERSION = YES;
				GCC_WARN_ABOUT_RETURN_TYPE = YES_ERROR;
				GCC_WARN_UNDECLARED_SELECTOR = YES;
				GCC_WARN_UNINITIALIZED_AUTOS = YES_AGGRESSIVE;
				GCC_WARN_UNUSED_FUNCTION = YES;
				GCC_WARN_UNUSED_VARIABLE = YES;
				IPHONEOS_DEPLOYMENT_TARGET = 15.2;
				MTL_ENABLE_DEBUG_INFO = NO;
				MTL_FAST_MATH = YES;
				SDKROOT = iphoneos;
				SWIFT_COMPILATION_MODE = wholemodule;
				SWIFT_OPTIMIZATION_LEVEL = "-O";
				VALIDATE_PRODUCT = YES;
			};
			name = Release;
		};
		10C5244C27A65EDE003A4FC4 /* Debug */ = {
			isa = XCBuildConfiguration;
			baseConfigurationReference = 9E4D5BEB93E2729F843BEE6F /* Pods-DogBreedAssignment.debug.xcconfig */;
			buildSettings = {
				ASSETCATALOG_COMPILER_APPICON_NAME = AppIcon;
				ASSETCATALOG_COMPILER_GLOBAL_ACCENT_COLOR_NAME = AccentColor;
				CODE_SIGN_STYLE = Automatic;
				CURRENT_PROJECT_VERSION = 1;
				GENERATE_INFOPLIST_FILE = YES;
				INFOPLIST_FILE = DogBreedAssignment/Info.plist;
				INFOPLIST_KEY_UIApplicationSupportsIndirectInputEvents = YES;
				INFOPLIST_KEY_UILaunchStoryboardName = LaunchScreen;
				INFOPLIST_KEY_UIMainStoryboardFile = Main;
				INFOPLIST_KEY_UISupportedInterfaceOrientations = UIInterfaceOrientationPortrait;
				INFOPLIST_KEY_UISupportedInterfaceOrientations_iPad = "UIInterfaceOrientationPortrait UIInterfaceOrientationPortraitUpsideDown UIInterfaceOrientationLandscapeLeft UIInterfaceOrientationLandscapeRight";
				INFOPLIST_KEY_UISupportedInterfaceOrientations_iPhone = "UIInterfaceOrientationPortrait UIInterfaceOrientationLandscapeLeft UIInterfaceOrientationLandscapeRight";
				IPHONEOS_DEPLOYMENT_TARGET = 13.6;
				LD_RUNPATH_SEARCH_PATHS = (
					"$(inherited)",
					"@executable_path/Frameworks",
				);
				MARKETING_VERSION = 1.0;
				PRODUCT_BUNDLE_IDENTIFIER = com.DogBreedAssignment;
				PRODUCT_NAME = "$(TARGET_NAME)";
				SWIFT_EMIT_LOC_STRINGS = YES;
				SWIFT_VERSION = 5.0;
				TARGETED_DEVICE_FAMILY = 1;
			};
			name = Debug;
		};
		10C5244D27A65EDE003A4FC4 /* Release */ = {
			isa = XCBuildConfiguration;
			baseConfigurationReference = 574F2199DCC0318FAEDB2E3C /* Pods-DogBreedAssignment.release.xcconfig */;
			buildSettings = {
				ASSETCATALOG_COMPILER_APPICON_NAME = AppIcon;
				ASSETCATALOG_COMPILER_GLOBAL_ACCENT_COLOR_NAME = AccentColor;
				CODE_SIGN_STYLE = Automatic;
				CURRENT_PROJECT_VERSION = 1;
				GENERATE_INFOPLIST_FILE = YES;
				INFOPLIST_FILE = DogBreedAssignment/Info.plist;
				INFOPLIST_KEY_UIApplicationSupportsIndirectInputEvents = YES;
				INFOPLIST_KEY_UILaunchStoryboardName = LaunchScreen;
				INFOPLIST_KEY_UIMainStoryboardFile = Main;
				INFOPLIST_KEY_UISupportedInterfaceOrientations = UIInterfaceOrientationPortrait;
				INFOPLIST_KEY_UISupportedInterfaceOrientations_iPad = "UIInterfaceOrientationPortrait UIInterfaceOrientationPortraitUpsideDown UIInterfaceOrientationLandscapeLeft UIInterfaceOrientationLandscapeRight";
				INFOPLIST_KEY_UISupportedInterfaceOrientations_iPhone = "UIInterfaceOrientationPortrait UIInterfaceOrientationLandscapeLeft UIInterfaceOrientationLandscapeRight";
				IPHONEOS_DEPLOYMENT_TARGET = 13.6;
				LD_RUNPATH_SEARCH_PATHS = (
					"$(inherited)",
					"@executable_path/Frameworks",
				);
				MARKETING_VERSION = 1.0;
				PRODUCT_BUNDLE_IDENTIFIER = com.DogBreedAssignment;
				PRODUCT_NAME = "$(TARGET_NAME)";
				SWIFT_EMIT_LOC_STRINGS = YES;
				SWIFT_VERSION = 5.0;
				TARGETED_DEVICE_FAMILY = 1;
			};
			name = Release;
		};
/* End XCBuildConfiguration section */

/* Begin XCConfigurationList section */
		10C5243227A65EDC003A4FC4 /* Build configuration list for PBXProject "DogBreedAssignment" */ = {
			isa = XCConfigurationList;
			buildConfigurations = (
				10C5244927A65EDE003A4FC4 /* Debug */,
				10C5244A27A65EDE003A4FC4 /* Release */,
			);
			defaultConfigurationIsVisible = 0;
			defaultConfigurationName = Release;
		};
		10C5244B27A65EDE003A4FC4 /* Build configuration list for PBXNativeTarget "DogBreedAssignment" */ = {
			isa = XCConfigurationList;
			buildConfigurations = (
				10C5244C27A65EDE003A4FC4 /* Debug */,
				10C5244D27A65EDE003A4FC4 /* Release */,
			);
			defaultConfigurationIsVisible = 0;
			defaultConfigurationName = Release;
		};
/* End XCConfigurationList section */
	};
	rootObject = 10C5242F27A65EDC003A4FC4 /* Project object */;
}
